schema: '2.0'
stages:
  prepare:
    cmd: python -m training.prepare.prepare
    deps:
    - path: data/raw/tickets.csv
      hash: md5
      md5: a05aa13d753884547cc46e6f525bfb82
      size: 14568920
    - path: training/prepare/prepare.py
      hash: md5
      md5: 24c1b5134d3b408564da166e46ee70b3
      size: 1721
    outs:
    - path: data/processed/test.pkl
      hash: md5
      md5: 38c0fedf654609fccd06a2849d3652cc
      size: 2978144
    - path: data/processed/train.pkl
      hash: md5
      md5: 238272639e7c6e1731a04035eb117257
      size: 10651911
    - path: data/processed/val.pkl
      hash: md5
      md5: e715cabe1754b2a8a641c55c498fd916
      size: 1147380
  train_tfidf:
    cmd: python -m training.tfidf.train
    deps:
    - path: data/processed/test.pkl
      hash: md5
      md5: 38c0fedf654609fccd06a2849d3652cc
      size: 2978144
    - path: data/processed/train.pkl
      hash: md5
      md5: 238272639e7c6e1731a04035eb117257
      size: 10651911
    - path: data/processed/val.pkl
      hash: md5
      md5: e715cabe1754b2a8a641c55c498fd916
      size: 1147380
    - path: models/__init__.py
      hash: md5
      md5: f69855f0ea1d7146dddda4d8eeb8b8a1
      size: 251
    - path: models/tfidf.py
      hash: md5
      md5: 74b4a0d8ad2bf53dc9a083a0faad8507
      size: 406
    - path: training/tfidf/train.py
      hash: md5
      md5: f756fc2b979b452d8e9eeadbd2d27940
      size: 2292
    outs:
    - path: artifacts/tfidf/classification_report.json
      hash: md5
      md5: d0cb16cd77e0d656b9dba01683b3de70
      size: 1624
    - path: artifacts/tfidf/model.joblib
      hash: md5
      md5: bb56d753917707dae0b3a2fcd02ba7d4
      size: 11693040
  train_transformer:
    cmd: python -m training.transformer.train
    deps:
    - path: data/processed/test.pkl
      hash: md5
      md5: 38c0fedf654609fccd06a2849d3652cc
      size: 2978144
    - path: data/processed/train.pkl
      hash: md5
      md5: 238272639e7c6e1731a04035eb117257
      size: 10651911
    - path: data/processed/val.pkl
      hash: md5
      md5: e715cabe1754b2a8a641c55c498fd916
      size: 1147380
    - path: models/__init__.py
      hash: md5
      md5: f69855f0ea1d7146dddda4d8eeb8b8a1
      size: 251
    - path: models/transformers.py
      hash: md5
      md5: f7842e1743a0dfd647260d7aba89fae0
      size: 2146
    - path: training/transformer/train.py
      hash: md5
      md5: 8e5e4133998f994a9eef20ce994aaaee
      size: 5984
    outs:
    - path: artifacts/transformer
      hash: md5
      md5: 44c40d0577c196f8fd2c61de85e0ff23.dir
      size: 1906661476
      nfiles: 29
