schema: '2.0'
stages:
  prepare:
    cmd: python -m training.prepare.prepare
    deps:
    - path: data/raw
      hash: md5
      md5: 4aca19add68c5aeabbd9af54ec49cb8b.dir
      size: 14568920
      nfiles: 1
    - path: training/prepare/prepare.py
      hash: md5
      md5: 965f85d5f5a8856bd423ea3c8d6103f7
      size: 1786
    outs:
    - path: data/processed/test.csv
      hash: md5
      md5: b10780ab822ba9ed295017f6f14d3095
      size: 1487791
    - path: data/processed/train.csv
      hash: md5
      md5: 5a4c7687ef6ba7749c1442a5c0be94f0
      size: 11632603
    - path: data/processed/val.csv
      hash: md5
      md5: 19459424c33cc534ca9689e0994d5b3f
      size: 1448192
  train_tfidf:
    cmd: python -m training.tfidf.train
    deps:
    - path: data/processed/train.csv
      hash: md5
      md5: 5a4c7687ef6ba7749c1442a5c0be94f0
      size: 11632603
    - path: data/processed/val.csv
      hash: md5
      md5: 19459424c33cc534ca9689e0994d5b3f
      size: 1448192
    - path: models/__init__.py
      hash: md5
      md5: f69855f0ea1d7146dddda4d8eeb8b8a1
      size: 251
    - path: models/tfidf.py
      hash: md5
      md5: 73a8b55e5c8310b0bf78bed6f6581302
      size: 1483
    - path: training/tfidf/train.py
      hash: md5
      md5: 615d3028bd0a62736fe12a2737cc7c05
      size: 2456
    outs:
    - path: artifacts/tfidf/classification_report_val.json
      hash: md5
      md5: d0c6b8761a18eb04e9108584ffc93ec6
      size: 1603
    - path: artifacts/tfidf/labels.json
      hash: md5
      md5: 9cbe746682a4fe71b291d4232ccc2720
      size: 148
    - path: artifacts/tfidf/model.joblib
      hash: md5
      md5: 8eaa96bc4069fac0b28059f6fe1c71f5
      size: 11692448
